
Microsoft Visual Studio Solution File, Format Version 12.00
# Visual Studio Version 16
VisualStudioVersion = 16.0.30413.136
MinimumVisualStudioVersion = 10.0.40219.1
Project("{FAE04EC0-301F-11D3-BF4B-00C04F79EFBC}") = "M01-Demo-Console", "M01-Demo-Console\M01-Demo-Console.csproj", "{76786E20-E699-42C7-BD86-58FB9C35FEE2}"
EndProject
Project("{FAE04EC0-301F-11D3-BF4B-00C04F79EFBC}") = "M02-Demo-string", "M02-Demo-string\M02-Demo-string.csproj", "{8E1C75BC-FFC7-4B85-B193-FAB6A0B4EE79}"
EndProject
Project("{FAE04EC0-301F-11D3-BF4B-00C04F79EFBC}") = "M02-Lab-MiniRechner", "M02-Lab-MiniRechner\M02-Lab-MiniRechner.csproj", "{B5D5DE44-C61B-4A1B-AB9B-64FB81EC8233}"
EndProject
Project("{FAE04EC0-301F-11D3-BF4B-00C04F79EFBC}") = "M02-Demo-double", "M02-Demo-double\M02-Demo-double.csproj", "{14705DB2-C539-4CA0-AA52-3280AEA70689}"
EndProject
Project("{FAE04EC0-301F-11D3-BF4B-00C04F79EFBC}") = "M02-Demo-bool", "M02-Demo-bool\M02-Demo-bool.csproj", "{D1B9E540-5198-491F-8B3B-E010A3C5D81E}"
EndProject
Project("{FAE04EC0-301F-11D3-BF4B-00C04F79EFBC}") = "M02-Demo-Enum", "M02-Demo-Enum\M02-Demo-Enum.csproj", "{9712684E-A2D2-4A13-9C49-10341CB5F6E2}"
EndProject
Project("{FAE04EC0-301F-11D3-BF4B-00C04F79EFBC}") = "M02-Demo-int", "M02-Demo-int\M02-Demo-int.csproj", "{CBD543E1-0444-4D92-B1C0-03239ABBF83C}"
EndProject
Project("{FAE04EC0-301F-11D3-BF4B-00C04F79EFBC}") = "M03-ArrayNControls", "M03ArrayNControls\M03-ArrayNControls.csproj", "{A4333587-C3C5-48F2-B087-0577D6658255}"
EndProject
Project("{FAE04EC0-301F-11D3-BF4B-00C04F79EFBC}") = "M03-Lab-Zahlenratespiel", "M03Lab-Zahlenratespiel\M03-Lab-Zahlenratespiel.csproj", "{C655E46D-CB56-475D-92FF-A92C62E460A1}"
EndProject
Project("{FAE04EC0-301F-11D3-BF4B-00C04F79EFBC}") = "M04-Demo-Methods", "M04-Demo-Methods\M04-Demo-Methods.csproj", "{88EFB0A2-29B0-4FF8-8736-BF29A10AB61D}"
EndProject
Project("{FAE04EC0-301F-11D3-BF4B-00C04F79EFBC}") = "M05-Demo-Class-Lib", "M05-Demo-Class-Lib\M05-Demo-Class-Lib.csproj", "{6C5B598E-6F9C-4B8E-A340-26E29260E597}"
EndProject
Project("{FAE04EC0-301F-11D3-BF4B-00C04F79EFBC}") = "M05-Demo-Class-Lib-Consumer", "M05-Demo-Class-Lib-Consumer\M05-Demo-Class-Lib-Consumer.csproj", "{060863A1-8DA4-4713-946E-183E1FE104E6}"
EndProject
Project("{FAE04EC0-301F-11D3-BF4B-00C04F79EFBC}") = "M05-Lab-Fuhrpark", "M05-Lab-Fuhrpark\M05-Lab-Fuhrpark.csproj", "{7D162D37-C566-4748-9433-D1FF34C23B02}"
EndProject
Project("{FAE04EC0-301F-11D3-BF4B-00C04F79EFBC}") = "M06-Lab-Inheritence", "M06-Lab-Inheritence\M06-Lab-Inheritence.csproj", "{57CF4634-28B4-4F56-90C8-FCF3BDF32A7A}"
EndProject
Project("{FAE04EC0-301F-11D3-BF4B-00C04F79EFBC}") = "M05-Lab-Transportmittel", "M05-Lab-Transportmittel\M05-Lab-Transportmittel.csproj", "{49F7D77B-B163-4587-8CB2-207DF552853B}"
EndProject
Global
	GlobalSection(SolutionConfigurationPlatforms) = preSolution
		Debug|Any CPU = Debug|Any CPU
		Release|Any CPU = Release|Any CPU
	EndGlobalSection
	GlobalSection(ProjectConfigurationPlatforms) = postSolution
		{76786E20-E699-42C7-BD86-58FB9C35FEE2}.Debug|Any CPU.ActiveCfg = Debug|Any CPU
		{76786E20-E699-42C7-BD86-58FB9C35FEE2}.Debug|Any CPU.Build.0 = Debug|Any CPU
		{76786E20-E699-42C7-BD86-58FB9C35FEE2}.Release|Any CPU.ActiveCfg = Release|Any CPU
		{76786E20-E699-42C7-BD86-58FB9C35FEE2}.Release|Any CPU.Build.0 = Release|Any CPU
		{8E1C75BC-FFC7-4B85-B193-FAB6A0B4EE79}.Debug|Any CPU.ActiveCfg = Debug|Any CPU
		{8E1C75BC-FFC7-4B85-B193-FAB6A0B4EE79}.Debug|Any CPU.Build.0 = Debug|Any CPU
		{8E1C75BC-FFC7-4B85-B193-FAB6A0B4EE79}.Release|Any CPU.ActiveCfg = Release|Any CPU
		{8E1C75BC-FFC7-4B85-B193-FAB6A0B4EE79}.Release|Any CPU.Build.0 = Release|Any CPU
		{B5D5DE44-C61B-4A1B-AB9B-64FB81EC8233}.Debug|Any CPU.ActiveCfg = Debug|Any CPU
		{B5D5DE44-C61B-4A1B-AB9B-64FB81EC8233}.Debug|Any CPU.Build.0 = Debug|Any CPU
		{B5D5DE44-C61B-4A1B-AB9B-64FB81EC8233}.Release|Any CPU.ActiveCfg = Release|Any CPU
		{B5D5DE44-C61B-4A1B-AB9B-64FB81EC8233}.Release|Any CPU.Build.0 = Release|Any CPU
		{14705DB2-C539-4CA0-AA52-3280AEA70689}.Debug|Any CPU.ActiveCfg = Debug|Any CPU
		{14705DB2-C539-4CA0-AA52-3280AEA70689}.Debug|Any CPU.Build.0 = Debug|Any CPU
		{14705DB2-C539-4CA0-AA52-3280AEA70689}.Release|Any CPU.ActiveCfg = Release|Any CPU
		{14705DB2-C539-4CA0-AA52-3280AEA70689}.Release|Any CPU.Build.0 = Release|Any CPU
		{D1B9E540-5198-491F-8B3B-E010A3C5D81E}.Debug|Any CPU.ActiveCfg = Debug|Any CPU
		{D1B9E540-5198-491F-8B3B-E010A3C5D81E}.Debug|Any CPU.Build.0 = Debug|Any CPU
		{D1B9E540-5198-491F-8B3B-E010A3C5D81E}.Release|Any CPU.ActiveCfg = Release|Any CPU
		{D1B9E540-5198-491F-8B3B-E010A3C5D81E}.Release|Any CPU.Build.0 = Release|Any CPU
		{9712684E-A2D2-4A13-9C49-10341CB5F6E2}.Debug|Any CPU.ActiveCfg = Debug|Any CPU
		{9712684E-A2D2-4A13-9C49-10341CB5F6E2}.Debug|Any CPU.Build.0 = Debug|Any CPU
		{9712684E-A2D2-4A13-9C49-10341CB5F6E2}.Release|Any CPU.ActiveCfg = Release|Any CPU
		{9712684E-A2D2-4A13-9C49-10341CB5F6E2}.Release|Any CPU.Build.0 = Release|Any CPU
		{CBD543E1-0444-4D92-B1C0-03239ABBF83C}.Debug|Any CPU.ActiveCfg = Debug|Any CPU
		{CBD543E1-0444-4D92-B1C0-03239ABBF83C}.Debug|Any CPU.Build.0 = Debug|Any CPU
		{CBD543E1-0444-4D92-B1C0-03239ABBF83C}.Release|Any CPU.ActiveCfg = Release|Any CPU
		{CBD543E1-0444-4D92-B1C0-03239ABBF83C}.Release|Any CPU.Build.0 = Release|Any CPU
		{A4333587-C3C5-48F2-B087-0577D6658255}.Debug|Any CPU.ActiveCfg = Debug|Any CPU
		{A4333587-C3C5-48F2-B087-0577D6658255}.Debug|Any CPU.Build.0 = Debug|Any CPU
		{A4333587-C3C5-48F2-B087-0577D6658255}.Release|Any CPU.ActiveCfg = Release|Any CPU
		{A4333587-C3C5-48F2-B087-0577D6658255}.Release|Any CPU.Build.0 = Release|Any CPU
		{C655E46D-CB56-475D-92FF-A92C62E460A1}.Debug|Any CPU.ActiveCfg = Debug|Any CPU
		{C655E46D-CB56-475D-92FF-A92C62E460A1}.Debug|Any CPU.Build.0 = Debug|Any CPU
		{C655E46D-CB56-475D-92FF-A92C62E460A1}.Release|Any CPU.ActiveCfg = Release|Any CPU
		{C655E46D-CB56-475D-92FF-A92C62E460A1}.Release|Any CPU.Build.0 = Release|Any CPU
		{88EFB0A2-29B0-4FF8-8736-BF29A10AB61D}.Debug|Any CPU.ActiveCfg = Debug|Any CPU
		{88EFB0A2-29B0-4FF8-8736-BF29A10AB61D}.Debug|Any CPU.Build.0 = Debug|Any CPU
		{88EFB0A2-29B0-4FF8-8736-BF29A10AB61D}.Release|Any CPU.ActiveCfg = Release|Any CPU
		{88EFB0A2-29B0-4FF8-8736-BF29A10AB61D}.Release|Any CPU.Build.0 = Release|Any CPU
		{6C5B598E-6F9C-4B8E-A340-26E29260E597}.Debug|Any CPU.ActiveCfg = Debug|Any CPU
		{6C5B598E-6F9C-4B8E-A340-26E29260E597}.Debug|Any CPU.Build.0 = Debug|Any CPU
		{6C5B598E-6F9C-4B8E-A340-26E29260E597}.Release|Any CPU.ActiveCfg = Release|Any CPU
		{6C5B598E-6F9C-4B8E-A340-26E29260E597}.Release|Any CPU.Build.0 = Release|Any CPU
		{060863A1-8DA4-4713-946E-183E1FE104E6}.Debug|Any CPU.ActiveCfg = Debug|Any CPU
		{060863A1-8DA4-4713-946E-183E1FE104E6}.Debug|Any CPU.Build.0 = Debug|Any CPU
		{060863A1-8DA4-4713-946E-183E1FE104E6}.Release|Any CPU.ActiveCfg = Release|Any CPU
		{060863A1-8DA4-4713-946E-183E1FE104E6}.Release|Any CPU.Build.0 = Release|Any CPU
		{7D162D37-C566-4748-9433-D1FF34C23B02}.Debug|Any CPU.ActiveCfg = Debug|Any CPU
		{7D162D37-C566-4748-9433-D1FF34C23B02}.Debug|Any CPU.Build.0 = Debug|Any CPU
		{7D162D37-C566-4748-9433-D1FF34C23B02}.Release|Any CPU.ActiveCfg = Release|Any CPU
		{7D162D37-C566-4748-9433-D1FF34C23B02}.Release|Any CPU.Build.0 = Release|Any CPU
		{57CF4634-28B4-4F56-90C8-FCF3BDF32A7A}.Debug|Any CPU.ActiveCfg = Debug|Any CPU
		{57CF4634-28B4-4F56-90C8-FCF3BDF32A7A}.Debug|Any CPU.Build.0 = Debug|Any CPU
		{57CF4634-28B4-4F56-90C8-FCF3BDF32A7A}.Release|Any CPU.ActiveCfg = Release|Any CPU
		{57CF4634-28B4-4F56-90C8-FCF3BDF32A7A}.Release|Any CPU.Build.0 = Release|Any CPU
		{49F7D77B-B163-4587-8CB2-207DF552853B}.Debug|Any CPU.ActiveCfg = Debug|Any CPU
		{49F7D77B-B163-4587-8CB2-207DF552853B}.Debug|Any CPU.Build.0 = Debug|Any CPU
		{49F7D77B-B163-4587-8CB2-207DF552853B}.Release|Any CPU.ActiveCfg = Release|Any CPU
		{49F7D77B-B163-4587-8CB2-207DF552853B}.Release|Any CPU.Build.0 = Release|Any CPU
	EndGlobalSection
	GlobalSection(SolutionProperties) = preSolution
		HideSolutionNode = FALSE
	EndGlobalSection
	GlobalSection(ExtensibilityGlobals) = postSolution
		SolutionGuid = {E84ADE89-1FD3-47F5-B35D-74E05C1F53D4}
	EndGlobalSection
EndGlobal
